
Microsoft Visual Studio Solution File, Format Version 12.00
# Visual Studio Version 16
VisualStudioVersion = 16.0.31005.135
MinimumVisualStudioVersion = 10.0.40219.1
Project("{9A19103F-16F7-4668-BE54-9A1E7A4F7556}") = "NorthWind", "NorthWind\NorthWind.csproj", "{0E3B5762-9950-46A2-97BF-DBE8A11F8D41}"
EndProject
Project("{FAE04EC0-301F-11D3-BF4B-00C04F79EFBC}") = "NorthWind.Entity", "NorthWind.Entity\NorthWind.Entity.csproj", "{4B55603A-1850-4562-ABAF-08E908033EBE}"
EndProject
Project("{FAE04EC0-301F-11D3-BF4B-00C04F79EFBC}") = "NorthWind.Business", "NorthWind.Business\NorthWind.Business.csproj", "{4C125FF2-81DF-4CFB-8D43-0E3309FA8A3D}"
EndProject
Project("{FAE04EC0-301F-11D3-BF4B-00C04F79EFBC}") = "NorthWind.Dto", "NorthWind.Dto\NorthWind.Dto.csproj", "{B9A80251-459C-4099-AC49-FD5478B13ABA}"
EndProject
Project("{FAE04EC0-301F-11D3-BF4B-00C04F79EFBC}") = "NorthWind.Interfaces", "NorthWind.Interfaces\NorthWind.Interfaces.csproj", "{04ADC4D5-EEEE-4F9E-A8E1-E4FCB12C1BB3}"
EndProject
Project("{2150E333-8FDC-42A3-9474-1A3956D46DE8}") = "Data", "Data", "{232EF109-44C5-49BA-98CC-A60411150B4D}"
EndProject
Project("{2150E333-8FDC-42A3-9474-1A3956D46DE8}") = "Domain", "Domain", "{F3F3A933-027F-460D-A819-251F9E4A6A51}"
EndProject
Project("{2150E333-8FDC-42A3-9474-1A3956D46DE8}") = "Api", "Api", "{7EDD17D4-F7FB-430B-AC73-D215739BBEA9}"
EndProject
Project("{2150E333-8FDC-42A3-9474-1A3956D46DE8}") = "Infrastructure", "Infrastructure", "{68C330A9-EF00-4B37-9F10-F8A0B9C46837}"
EndProject
Global
	GlobalSection(SolutionConfigurationPlatforms) = preSolution
		Debug|Any CPU = Debug|Any CPU
		Release|Any CPU = Release|Any CPU
	EndGlobalSection
	GlobalSection(ProjectConfigurationPlatforms) = postSolution
		{0E3B5762-9950-46A2-97BF-DBE8A11F8D41}.Debug|Any CPU.ActiveCfg = Debug|Any CPU
		{0E3B5762-9950-46A2-97BF-DBE8A11F8D41}.Debug|Any CPU.Build.0 = Debug|Any CPU
		{0E3B5762-9950-46A2-97BF-DBE8A11F8D41}.Release|Any CPU.ActiveCfg = Release|Any CPU
		{0E3B5762-9950-46A2-97BF-DBE8A11F8D41}.Release|Any CPU.Build.0 = Release|Any CPU
		{4B55603A-1850-4562-ABAF-08E908033EBE}.Debug|Any CPU.ActiveCfg = Debug|Any CPU
		{4B55603A-1850-4562-ABAF-08E908033EBE}.Debug|Any CPU.Build.0 = Debug|Any CPU
		{4B55603A-1850-4562-ABAF-08E908033EBE}.Release|Any CPU.ActiveCfg = Release|Any CPU
		{4B55603A-1850-4562-ABAF-08E908033EBE}.Release|Any CPU.Build.0 = Release|Any CPU
		{4C125FF2-81DF-4CFB-8D43-0E3309FA8A3D}.Debug|Any CPU.ActiveCfg = Debug|Any CPU
		{4C125FF2-81DF-4CFB-8D43-0E3309FA8A3D}.Debug|Any CPU.Build.0 = Debug|Any CPU
		{4C125FF2-81DF-4CFB-8D43-0E3309FA8A3D}.Release|Any CPU.ActiveCfg = Release|Any CPU
		{4C125FF2-81DF-4CFB-8D43-0E3309FA8A3D}.Release|Any CPU.Build.0 = Release|Any CPU
		{B9A80251-459C-4099-AC49-FD5478B13ABA}.Debug|Any CPU.ActiveCfg = Debug|Any CPU
		{B9A80251-459C-4099-AC49-FD5478B13ABA}.Debug|Any CPU.Build.0 = Debug|Any CPU
		{B9A80251-459C-4099-AC49-FD5478B13ABA}.Release|Any CPU.ActiveCfg = Release|Any CPU
		{B9A80251-459C-4099-AC49-FD5478B13ABA}.Release|Any CPU.Build.0 = Release|Any CPU
		{04ADC4D5-EEEE-4F9E-A8E1-E4FCB12C1BB3}.Debug|Any CPU.ActiveCfg = Debug|Any CPU
		{04ADC4D5-EEEE-4F9E-A8E1-E4FCB12C1BB3}.Debug|Any CPU.Build.0 = Debug|Any CPU
		{04ADC4D5-EEEE-4F9E-A8E1-E4FCB12C1BB3}.Release|Any CPU.ActiveCfg = Release|Any CPU
		{04ADC4D5-EEEE-4F9E-A8E1-E4FCB12C1BB3}.Release|Any CPU.Build.0 = Release|Any CPU
	EndGlobalSection
	GlobalSection(SolutionProperties) = preSolution
		HideSolutionNode = FALSE
	EndGlobalSection
	GlobalSection(NestedProjects) = preSolution
		{0E3B5762-9950-46A2-97BF-DBE8A11F8D41} = {7EDD17D4-F7FB-430B-AC73-D215739BBEA9}
		{4B55603A-1850-4562-ABAF-08E908033EBE} = {232EF109-44C5-49BA-98CC-A60411150B4D}
		{4C125FF2-81DF-4CFB-8D43-0E3309FA8A3D} = {68C330A9-EF00-4B37-9F10-F8A0B9C46837}
		{B9A80251-459C-4099-AC49-FD5478B13ABA} = {F3F3A933-027F-460D-A819-251F9E4A6A51}
		{04ADC4D5-EEEE-4F9E-A8E1-E4FCB12C1BB3} = {F3F3A933-027F-460D-A819-251F9E4A6A51}
	EndGlobalSection
	GlobalSection(ExtensibilityGlobals) = postSolution
		SolutionGuid = {B0D738CF-ACAB-4A8E-83ED-C535D6DC84F3}
	EndGlobalSection
EndGlobal
